# This file is automatically @generated by Cargo.
# It is not intended for manual editing.
version = 4

[[package]]
name = "aarch64-cpu"
version = "10.0.0"
source = "registry+https://github.com/rust-lang/crates.io-index"
checksum = "6a21cd0131c25c438e19cd6a774adf7e3f64f7f4d723022882facc2dee0f8bc9"
dependencies = [
 "tock-registers 0.9.0",
]

[[package]]
name = "abi"
version = "0.1.0"

[[package]]
name = "caps"
version = "0.1.0"

[[package]]
name = "crickerfs"
version = "0.1.0"

[[package]]
name = "dtb"
version = "0.1.0"

[[package]]
name = "elf"
version = "0.1.0"

[[package]]
name = "frames"
version = "0.1.0"

[[package]]
name = "heap"
version = "0.1.0"

[[package]]
name = "kernel"
version = "0.1.0"
dependencies = [
 "aarch64-cpu",
 "abi",
 "caps",
 "dtb",
 "elf",
 "frames",
 "heap",
 "paging",
 "slab",
 "spin",
 "tock-registers 0.10.1",
]

[[package]]
name = "paging"
version = "0.1.0"

[[package]]
name = "slab"
version = "0.1.0"

[[package]]
name = "spin"
version = "0.12.2"
source = "registry+https://github.com/rust-lang/crates.io-index"
checksum = "8abadc99fd9c7bbb7d0ca2b31d72a067d0c0dcd7aad25ab8cac71ba91417694b"

[[package]]
name = "tock-registers"
version = "0.9.0"
source = "registry+https://github.com/rust-lang/crates.io-index"
checksum = "2b9e2fdb3a1e862c0661768b7ed25390811df1947a8acbfbefe09b47078d93c4"

[[package]]
name = "tock-registers"
version = "0.10.1"
source = "registry+https://github.com/rust-lang/crates.io-index"
checksum = "8d2d250f87fb3fb6f225c907cf54381509f47b40b74b1d1f12d2dccbc915bdfe"

[[package]]
name = "user"
version = "0.1.0"
dependencies = [
 "abi",
]

[[package]]
name = "xtask"
version = "0.1.0"
dependencies = [
 "crickerfs",
]
